
Microsoft Visual Studio Solution File, Format Version 12.00
# Visual Studio Version 17
VisualStudioVersion = 17.7.34221.43
MinimumVisualStudioVersion = 10.0.40219.1
Project("{FAE04EC0-301F-11D3-BF4B-00C04F79EFBC}") = "Project.3", "Project.3\Project.3.csproj", "{CE18ACBA-CBE3-4803-A135-3A6A41FEC5EC}"
EndProject
Global
	GlobalSection(SolutionConfigurationPlatforms) = preSolution
		Debug|Any CPU = Debug|Any CPU
		Release|Any CPU = Release|Any CPU
	EndGlobalSection
	GlobalSection(ProjectConfigurationPlatforms) = postSolution
		{CE18ACBA-CBE3-4803-A135-3A6A41FEC5EC}.Debug|Any CPU.ActiveCfg = Debug|Any CPU
		{CE18ACBA-CBE3-4803-A135-3A6A41FEC5EC}.Debug|Any CPU.Build.0 = Debug|Any CPU
		{CE18ACBA-CBE3-4803-A135-3A6A41FEC5EC}.Release|Any CPU.ActiveCfg = Release|Any CPU
		{CE18ACBA-CBE3-4803-A135-3A6A41FEC5EC}.Release|Any CPU.Build.0 = Release|Any CPU
	EndGlobalSection
	GlobalSection(SolutionProperties) = preSolution
		HideSolutionNode = FALSE
	EndGlobalSection
	GlobalSection(ExtensibilityGlobals) = postSolution
		SolutionGuid = {75AA5E44-DBC0-43A8-B7F8-203693814349}
	EndGlobalSection
EndGlobal
